
Microsoft Visual Studio Solution File, Format Version 12.00
# Visual Studio Version 16
VisualStudioVersion = 16.0.30104.148
MinimumVisualStudioVersion = 10.0.40219.1
Project("{FAE04EC0-301F-11D3-BF4B-00C04F79EFBC}") = "EsTriggerCerato", "EsTriggerCerato\EsTriggerCerato.csproj", "{3266E6E7-A9F7-48B8-9A6D-55292C63D99F}"
EndProject
Global
	GlobalSection(SolutionConfigurationPlatforms) = preSolution
		Debug|Any CPU = Debug|Any CPU
		Release|Any CPU = Release|Any CPU
	EndGlobalSection
	GlobalSection(ProjectConfigurationPlatforms) = postSolution
		{3266E6E7-A9F7-48B8-9A6D-55292C63D99F}.Debug|Any CPU.ActiveCfg = Debug|Any CPU
		{3266E6E7-A9F7-48B8-9A6D-55292C63D99F}.Debug|Any CPU.Build.0 = Debug|Any CPU
		{3266E6E7-A9F7-48B8-9A6D-55292C63D99F}.Release|Any CPU.ActiveCfg = Release|Any CPU
		{3266E6E7-A9F7-48B8-9A6D-55292C63D99F}.Release|Any CPU.Build.0 = Release|Any CPU
	EndGlobalSection
	GlobalSection(SolutionProperties) = preSolution
		HideSolutionNode = FALSE
	EndGlobalSection
	GlobalSection(ExtensibilityGlobals) = postSolution
		SolutionGuid = {AF13D9F0-B456-401B-BDF6-A80CF6C901DC}
	EndGlobalSection
EndGlobal
